
Microsoft Visual Studio Solution File, Format Version 12.00
# Visual Studio 2015
Project("{FAE04EC0-301F-11D3-BF4B-00C04F79EFBC}") = "2017mar23", "2017mar23.csproj", "{8F5776B4-72DF-A614-E2A4-A4BF86292266}"
EndProject
Project("{FAE04EC0-301F-11D3-BF4B-00C04F79EFBC}") = "2017mar23.Editor", "2017mar23.Editor.csproj", "{181CB697-F634-93EA-448A-67D23063D946}"
EndProject
Global
	GlobalSection(SolutionConfigurationPlatforms) = preSolution
		Debug|Any CPU = Debug|Any CPU
		Release|Any CPU = Release|Any CPU
	EndGlobalSection
	GlobalSection(ProjectConfigurationPlatforms) = postSolution
		{8F5776B4-72DF-A614-E2A4-A4BF86292266}.Debug|Any CPU.ActiveCfg = Debug|Any CPU
		{8F5776B4-72DF-A614-E2A4-A4BF86292266}.Debug|Any CPU.Build.0 = Debug|Any CPU
		{8F5776B4-72DF-A614-E2A4-A4BF86292266}.Release|Any CPU.ActiveCfg = Release|Any CPU
		{8F5776B4-72DF-A614-E2A4-A4BF86292266}.Release|Any CPU.Build.0 = Release|Any CPU
		{181CB697-F634-93EA-448A-67D23063D946}.Debug|Any CPU.ActiveCfg = Debug|Any CPU
		{181CB697-F634-93EA-448A-67D23063D946}.Debug|Any CPU.Build.0 = Debug|Any CPU
		{181CB697-F634-93EA-448A-67D23063D946}.Release|Any CPU.ActiveCfg = Release|Any CPU
		{181CB697-F634-93EA-448A-67D23063D946}.Release|Any CPU.Build.0 = Release|Any CPU
	EndGlobalSection
	GlobalSection(SolutionProperties) = preSolution
		HideSolutionNode = FALSE
	EndGlobalSection
EndGlobal
