
Microsoft Visual Studio Solution File, Format Version 12.00
# Visual Studio 2015
Project("{FAE04EC0-301F-11D3-BF4B-00C04F79EFBC}") = "proj3game(flapcity)", "proj3game(flapcity).csproj", "{5EDA1A84-2763-3ACC-CD56-5D232E7C8E69}"
EndProject
Project("{FAE04EC0-301F-11D3-BF4B-00C04F79EFBC}") = "proj3game(flapcity).Editor", "proj3game(flapcity).Editor.csproj", "{59336852-9981-A832-662E-A0721CDC0F1F}"
EndProject
Global
	GlobalSection(SolutionConfigurationPlatforms) = preSolution
		Debug|Any CPU = Debug|Any CPU
		Release|Any CPU = Release|Any CPU
	EndGlobalSection
	GlobalSection(ProjectConfigurationPlatforms) = postSolution
		{5EDA1A84-2763-3ACC-CD56-5D232E7C8E69}.Debug|Any CPU.ActiveCfg = Debug|Any CPU
		{5EDA1A84-2763-3ACC-CD56-5D232E7C8E69}.Debug|Any CPU.Build.0 = Debug|Any CPU
		{5EDA1A84-2763-3ACC-CD56-5D232E7C8E69}.Release|Any CPU.ActiveCfg = Release|Any CPU
		{5EDA1A84-2763-3ACC-CD56-5D232E7C8E69}.Release|Any CPU.Build.0 = Release|Any CPU
		{59336852-9981-A832-662E-A0721CDC0F1F}.Debug|Any CPU.ActiveCfg = Debug|Any CPU
		{59336852-9981-A832-662E-A0721CDC0F1F}.Debug|Any CPU.Build.0 = Debug|Any CPU
		{59336852-9981-A832-662E-A0721CDC0F1F}.Release|Any CPU.ActiveCfg = Release|Any CPU
		{59336852-9981-A832-662E-A0721CDC0F1F}.Release|Any CPU.Build.0 = Release|Any CPU
	EndGlobalSection
	GlobalSection(SolutionProperties) = preSolution
		HideSolutionNode = FALSE
	EndGlobalSection
EndGlobal
